schema-version = 2
project-vendor = "Bottlerocket"

[sdk]
name = "bottlerocket-sdk"
version = "0.65.0"
vendor = "bottlerocket"
source = "public.ecr.aws/bottlerocket/bottlerocket-sdk:v0.65.0"
digest = "g03GUrm333pxmItqDrr3kPVELf0gHj8An8Yz9/GG5Ms="

[[kit]]
name = "bottlerocket-kernel-kit"
version = "4.4.0"
vendor = "bottlerocket"
source = "public.ecr.aws/bottlerocket/bottlerocket-kernel-kit:v4.4.0"
digest = "PaC7gkTu6HdoczZ5yqL9krWKP1Y4eOa3AbicNJ8qLvU="

[[kit]]
name = "bottlerocket-core-kit"
version = "10.8.0"
vendor = "bottlerocket"
source = "public.ecr.aws/bottlerocket/bottlerocket-core-kit:v10.8.0"
digest = "s8oMwJKfsvFDGx3K0kEN1jWTqyOA5A0EabUD6hznSXs="
