schema-version = 2
project-vendor = "Bottlerocket"

[sdk]
name = "bottlerocket-sdk"
version = "0.64.0"
vendor = "bottlerocket"
source = "public.ecr.aws/bottlerocket/bottlerocket-sdk:v0.64.0"
digest = "kRW2MsSo3jA+rAEO/Mp5gW8Q4/pd62bbB/lT4d5Jzak="

[[kit]]
name = "bottlerocket-kernel-kit"
version = "4.3.3"
vendor = "bottlerocket"
source = "public.ecr.aws/bottlerocket/bottlerocket-kernel-kit:v4.3.3"
digest = "hj2a36Z678mer4x3ItzVVqL4VZPVLvSG0mVI+kRqfNY="

[[kit]]
name = "bottlerocket-core-kit"
version = "10.7.1"
vendor = "bottlerocket"
source = "public.ecr.aws/bottlerocket/bottlerocket-core-kit:v10.7.1"
digest = "0TTDnEa4cEzjiZfhCiqV/UQ6xC/dV+YFZ/Ytfo7KU5Y="
